PODS:
  - Capacitor (7.0.1):
    - CapacitorCordova
  - CapacitorCordova (7.0.1)
  - Sentry/HybridSDK (8.50.1)
  - SentryCapacitor (2.0.0-beta.1):
    - Capacitor
    - Sentry/HybridSDK (= 8.50.1)

DEPENDENCIES:
  - "Capacitor (from `../../node_modules/@capacitor/ios`)"
  - "CapacitorCordova (from `../../node_modules/@capacitor/ios`)"
  - "SentryCapacitor (from `../../node_modules/@sentry/capacitor`)"

SPEC REPOS:
  trunk:
    - Sentry

EXTERNAL SOURCES:
  Capacitor:
    :path: "../../node_modules/@capacitor/ios"
  CapacitorCordova:
    :path: "../../node_modules/@capacitor/ios"
  SentryCapacitor:
    :path: "../../node_modules/@sentry/capacitor"

SPEC CHECKSUMS:
  Capacitor: 23fff43571a4d1e3ee7d67b5a3588c6e757c2913
  CapacitorCordova: 63d476958d5022d76f197031e8b7ea3519988c64
  Sentry: a6dd4a025b90f2caea04bfe10b2fe160a193072d
  SentryCapacitor: 1fed5bc6d2ac2edeab0131c28ed8b2d017fc1eda

PODFILE CHECKSUM: e512db45f101b9092c98513e2bceba3944192dde

COCOAPODS: 1.15.2
