PODS:
  - Capacitor (7.0.1):
    - CapacitorCordova
  - CapacitorCordova (7.0.1)
  - Sentry (9.3.0):
    - Sentry/Core (= 9.3.0)
  - Sentry/Core (9.3.0)
  - "SentryCapacitor (3.0.0-beta.3+932fab1b)":
    - Capacitor
    - Sentry (= 9.3.0)

DEPENDENCIES:
  - "Capacitor (from `../../node_modules/@capacitor/ios`)"
  - "CapacitorCordova (from `../../node_modules/@capacitor/ios`)"
  - "SentryCapacitor (from `../../node_modules/@sentry/capacitor`)"

SPEC REPOS:
  trunk:
    - Sentry

EXTERNAL SOURCES:
  Capacitor:
    :path: "../../node_modules/@capacitor/ios"
  CapacitorCordova:
    :path: "../../node_modules/@capacitor/ios"
  SentryCapacitor:
    :path: "../../node_modules/@sentry/capacitor"

SPEC CHECKSUMS:
  Capacitor: de199cba6c8b20995428ad0b7cb0bc6ca625ffd4
  CapacitorCordova: 63d476958d5022d76f197031e8b7ea3519988c64
  Sentry: 4d2abfa89a0f104f53e60c1d11c85e6f68a0e22b
  SentryCapacitor: a362445c6a6c1d7d00e69a3d365d56cb8704ee4a

PODFILE CHECKSUM: 1556569b6b66479d0ac544257ad54061032afdfc

COCOAPODS: 1.16.2
