PODS:
  - Capacitor (7.6.7):
    - CapacitorCordova
  - CapacitorCordova (7.6.7)

DEPENDENCIES:
  - "Capacitor (from `../../node_modules/@capacitor/ios`)"
  - "CapacitorCordova (from `../../node_modules/@capacitor/ios`)"

EXTERNAL SOURCES:
  Capacitor:
    :path: "../../node_modules/@capacitor/ios"
  CapacitorCordova:
    :path: "../../node_modules/@capacitor/ios"

SPEC CHECKSUMS:
  Capacitor: 8ef25ba872436d2c5ac2a4791f7255529bdcd93b
  CapacitorCordova: 139e2ed3d91c54b5aeae7941135c9f9aefc6da1d

PODFILE CHECKSUM: 46f0885265017ddfc5efbcac5b1e437aea1603c9

COCOAPODS: 1.16.2
