PODS:
  - Capacitor (8.0.2):
    - CapacitorCordova
  - CapacitorApp (8.0.0):
    - Capacitor
  - CapacitorCordova (8.0.2)
  - CapacitorHaptics (8.0.0):
    - Capacitor
  - CapacitorKeyboard (8.0.0):
    - Capacitor
  - CapacitorStatusBar (8.0.0):
    - Capacitor
  - Sentry (9.8.0):
    - Sentry/Core (= 9.8.0)
  - Sentry/Core (9.8.0)
  - "SentryCapacitor (3.1.0+6503a2cd)":
    - Capacitor
    - Sentry (= 9.8.0)

DEPENDENCIES:
  - "Capacitor (from `../../node_modules/@capacitor/ios`)"
  - "CapacitorApp (from `../../node_modules/@capacitor/app`)"
  - "CapacitorCordova (from `../../node_modules/@capacitor/ios`)"
  - "CapacitorHaptics (from `../../node_modules/@capacitor/haptics`)"
  - "CapacitorKeyboard (from `../../node_modules/@capacitor/keyboard`)"
  - "CapacitorStatusBar (from `../../node_modules/@capacitor/status-bar`)"
  - "SentryCapacitor (from `../../node_modules/@sentry/capacitor`)"

SPEC REPOS:
  trunk:
    - Sentry

EXTERNAL SOURCES:
  Capacitor:
    :path: "../../node_modules/@capacitor/ios"
  CapacitorApp:
    :path: "../../node_modules/@capacitor/app"
  CapacitorCordova:
    :path: "../../node_modules/@capacitor/ios"
  CapacitorHaptics:
    :path: "../../node_modules/@capacitor/haptics"
  CapacitorKeyboard:
    :path: "../../node_modules/@capacitor/keyboard"
  CapacitorStatusBar:
    :path: "../../node_modules/@capacitor/status-bar"
  SentryCapacitor:
    :path: "../../node_modules/@sentry/capacitor"

SPEC CHECKSUMS:
  Capacitor: 2b79172ad27f3be2d103cce88b8eb9803fdcc744
  CapacitorApp: 3963a84197280757b84f126afd1520a85ae3b092
  CapacitorCordova: 921bdb690ebe82421b24fce45552fd3dea2ae43a
  CapacitorHaptics: 2079d9fa04c5a71e18663b4722323c304c58245c
  CapacitorKeyboard: d7868c079a4d5277a3deca27a10a488fcbbb8b69
  CapacitorStatusBar: 312e2e67928dfe9514c4a8916a1fd610552f5f35
  Sentry: 88746bf877eff714bc45315a39ad1d1efea2cdda
  SentryCapacitor: 66d8b9cf3f785e22dadd0d05b1c6f0fbbe3951ed

PODFILE CHECKSUM: 72b7933f33f449ffc285e956394345ca4767d300

COCOAPODS: 1.16.2
