PODS:
  - Capacitor (5.5.1):
    - CapacitorCordova
  - CapacitorCordova (5.5.1)
  - Sentry/HybridSDK (8.36.0):
    - SentryPrivate (= 8.36.0)
  - SentryCapacitor (0.18.0):
    - Capacitor
    - Sentry/HybridSDK (= 8.21.0)
  - SentryPrivate (8.36.0)

DEPENDENCIES:
  - "Capacitor (from `../../node_modules/@capacitor/ios`)"
  - "CapacitorCordova (from `../../node_modules/@capacitor/ios`)"
  - "SentryCapacitor (from `../../node_modules/@sentry/capacitor`)"

SPEC REPOS:
  trunk:
    - Sentry
    - SentryPrivate

EXTERNAL SOURCES:
  Capacitor:
    :path: "../../node_modules/@capacitor/ios"
  CapacitorCordova:
    :path: "../../node_modules/@capacitor/ios"
  SentryCapacitor:
    :path: "../../node_modules/@sentry/capacitor"

SPEC CHECKSUMS:
  Capacitor: 9da0a2415e3b6098511f8b5ffdb578d91ee79f8f
  CapacitorCordova: e128cc7688c070ca0bfa439898a5f609da8dbcfe
  Sentry: f8374b5415bc38dfb5645941b3ae31230fbeae57
  SentryCapacitor: eab7128c7c9558bfca219d1d11dd7aed74b1a01f

PODFILE CHECKSUM: 618eb4d85f9b0c9e5a37fffa86a92d1569bd6800

COCOAPODS: 1.15.2
