{
  "pins" : [
    {
      "identity" : "capacitor-swift-pm",
      "kind" : "remoteSourceControl",
      "location" : "https://github.com/ionic-team/capacitor-swift-pm.git",
      "state" : {
        "revision" : "bc99a4197e8a966c99912a644a9aa5710f7e3409",
        "version" : "7.0.1"
      }
    },
    {
      "identity" : "sentry-cocoa",
      "kind" : "remoteSourceControl",
      "location" : "https://github.com/getsentry/sentry-cocoa",
      "state" : {
        "revision" : "64c9c5cc401aefde0eda46a9192b36082533a79d",
        "version" : "9.13.0"
      }
    }
  ],
  "version" : 2
}
