PODS:
  - Capacitor (8.0.0):
    - CapacitorCordova
  - CapacitorCordova (8.0.0)

DEPENDENCIES:
  - "Capacitor (from `../../node_modules/@capacitor/ios`)"
  - "CapacitorCordova (from `../../node_modules/@capacitor/ios`)"

EXTERNAL SOURCES:
  Capacitor:
    :path: "../../node_modules/@capacitor/ios"
  CapacitorCordova:
    :path: "../../node_modules/@capacitor/ios"

SPEC CHECKSUMS:
  Capacitor: 341ff7cf652ec695d1a8ebf604db448ac7b6d635
  CapacitorCordova: 5dc3912d25ef770a3fe0f431bb65c9fbfa2e92f9

PODFILE CHECKSUM: 80c855eaa12d10ea46f10f2d28fc63eec560330b

COCOAPODS: 1.16.2
