PODS:
  - Capacitor (7.2.0):
    - CapacitorCordova
  - CapacitorCordova (7.2.0)
  - Sentry/HybridSDK (8.53.2)

DEPENDENCIES:
  - "Capacitor (from `../node_modules/@capacitor/ios`)"
  - "CapacitorCordova (from `../node_modules/@capacitor/ios`)"
  - Sentry/HybridSDK (= 8.53.2)

SPEC REPOS:
  trunk:
    - Sentry

EXTERNAL SOURCES:
  Capacitor:
    :path: "../node_modules/@capacitor/ios"
  CapacitorCordova:
    :path: "../node_modules/@capacitor/ios"

SPEC CHECKSUMS:
  Capacitor: 106e7a4205f4618d582b886a975657c61179138d
  CapacitorCordova: 5967b9ba03915ef1d585469d6e31f31dc49be96f
  Sentry: 59993bffde4a1ac297ba6d268dc4bbce068d7c1b

PODFILE CHECKSUM: f8fd662a6b715183e2ee600524f5d9472b710690

COCOAPODS: 1.15.2
