PODS:
  - Capacitor (6.0.0):
    - CapacitorCordova
  - CapacitorCordova (6.0.0)
  - Sentry/HybridSDK (8.51.1)
  - "SentryCapacitor (2.0.0-beta.1+009a2329)":
    - Capacitor
    - Sentry/HybridSDK (= 8.51.1)

DEPENDENCIES:
  - "Capacitor (from `../../node_modules/@capacitor/ios`)"
  - "CapacitorCordova (from `../../node_modules/@capacitor/ios`)"
  - "SentryCapacitor (from `../../node_modules/@sentry/capacitor`)"

SPEC REPOS:
  trunk:
    - Sentry

EXTERNAL SOURCES:
  Capacitor:
    :path: "../../node_modules/@capacitor/ios"
  CapacitorCordova:
    :path: "../../node_modules/@capacitor/ios"
  SentryCapacitor:
    :path: "../../node_modules/@sentry/capacitor"

SPEC CHECKSUMS:
  Capacitor: 559d073c4ca6c27f8e7002c807eea94c3ba435a9
  CapacitorCordova: 8c4bfdf69368512e85b1d8b724dd7546abeb30af
  Sentry: d950c807ffb8e966ebf019b546505a144d35d439
  SentryCapacitor: aa8d77abfa12d9fc5477030aecf675a4fdb58b2b

PODFILE CHECKSUM: 618eb4d85f9b0c9e5a37fffa86a92d1569bd6800

COCOAPODS: 1.15.2
