PODS:
  - Capacitor (6.0.0):
    - CapacitorCordova
  - CapacitorCordova (6.0.0)
  - Sentry/HybridSDK (8.55.0)
  - "SentryCapacitor (2.3.0+bfea6c5f)":
    - Capacitor
    - Sentry/HybridSDK (= 8.55.0)

DEPENDENCIES:
  - "Capacitor (from `../../node_modules/@capacitor/ios`)"
  - "CapacitorCordova (from `../../node_modules/@capacitor/ios`)"
  - "SentryCapacitor (from `../../node_modules/@sentry/capacitor`)"

SPEC REPOS:
  trunk:
    - Sentry

EXTERNAL SOURCES:
  Capacitor:
    :path: "../../node_modules/@capacitor/ios"
  CapacitorCordova:
    :path: "../../node_modules/@capacitor/ios"
  SentryCapacitor:
    :path: "../../node_modules/@sentry/capacitor"

SPEC CHECKSUMS:
  Capacitor: 559d073c4ca6c27f8e7002c807eea94c3ba435a9
  CapacitorCordova: 8c4bfdf69368512e85b1d8b724dd7546abeb30af
  Sentry: f7dddfabe691274d6d630f04621e1345f9d6b9e0
  SentryCapacitor: 02551ec86877a5fda41b410b2700d5ca47ba1048

PODFILE CHECKSUM: 618eb4d85f9b0c9e5a37fffa86a92d1569bd6800

COCOAPODS: 1.15.2
